// !$*UTF8*$!
{
	archiveVersion = 1;
	classes = {
	};
	objectVersion = 55;
	objects = {

/* Begin PBXBuildFile section */
		CC66359928801144002E2C5B /* Vision.framework in Frameworks */ = {isa = PBXBuildFile; fileRef = CC66359828801144002E2C5B /* Vision.framework */; };
		CC66359B28803EB2002E2C5B /* View.swift in Sources */ = {isa = PBXBuildFile; fileRef = CC66359A28803EB2002E2C5B /* View.swift */; };
		CC86DFFD287F241700D4521F /* Window.swift in Sources */ = {isa = PBXBuildFile; fileRef = CC86DFFC287F241700D4521F /* Window.swift */; };
		CC86E000287F27E500D4521F /* Starscream in Frameworks */ = {isa = PBXBuildFile; productRef = CC86DFFF287F27E500D4521F /* Starscream */; };
		CCD85299287F211100BCED50 /* AppDelegate.swift in Sources */ = {isa = PBXBuildFile; fileRef = CCD85298287F211100BCED50 /* AppDelegate.swift */; };
		CCD8529B287F211100BCED50 /* ViewController.swift in Sources */ = {isa = PBXBuildFile; fileRef = CCD8529A287F211100BCED50 /* ViewController.swift */; };
		CCD8529D287F211200BCED50 /* Assets.xcassets in Resources */ = {isa = PBXBuildFile; fileRef = CCD8529C287F211200BCED50 /* Assets.xcassets */; };
		CCD852A0287F211200BCED50 /* Main.storyboard in Resources */ = {isa = PBXBuildFile; fileRef = CCD8529E287F211200BCED50 /* Main.storyboard */; };
		CCECFFF6287FF61C0094CDF3 /* Alamofire in Frameworks */ = {isa = PBXBuildFile; productRef = CCECFFF5287FF61C0094CDF3 /* Alamofire */; };
		CCECFFF8287FF6890094CDF3 /* screen.lua in Resources */ = {isa = PBXBuildFile; fileRef = CCECFFF7287FF6890094CDF3 /* screen.lua */; };
/* End PBXBuildFile section */

/* Begin PBXFileReference section */
		CC66359828801144002E2C5B /* Vision.framework */ = {isa = PBXFileReference; lastKnownFileType = wrapper.framework; name = Vision.framework; path = System/Library/Frameworks/Vision.framework; sourceTree = SDKROOT; };
		CC66359A28803EB2002E2C5B /* View.swift */ = {isa = PBXFileReference; lastKnownFileType = sourcecode.swift; path = View.swift; sourceTree = "<group>"; };
		CC86DFFC287F241700D4521F /* Window.swift */ = {isa = PBXFileReference; lastKnownFileType = sourcecode.swift; path = Window.swift; sourceTree = "<group>"; };
		CCD85295287F211100BCED50 /* RemoteControl.app */ = {isa = PBXFileReference; explicitFileType = wrapper.application; includeInIndex = 0; path = RemoteControl.app; sourceTree = BUILT_PRODUCTS_DIR; };
		CCD85298287F211100BCED50 /* AppDelegate.swift */ = {isa = PBXFileReference; lastKnownFileType = sourcecode.swift; path = AppDelegate.swift; sourceTree = "<group>"; };
		CCD8529A287F211100BCED50 /* ViewController.swift */ = {isa = PBXFileReference; lastKnownFileType = sourcecode.swift; path = ViewController.swift; sourceTree = "<group>"; };
		CCD8529C287F211200BCED50 /* Assets.xcassets */ = {isa = PBXFileReference; lastKnownFileType = folder.assetcatalog; path = Assets.xcassets; sourceTree = "<group>"; };
		CCD8529F287F211200BCED50 /* Base */ = {isa = PBXFileReference; lastKnownFileType = file.storyboard; name = Base; path = Base.lproj/Main.storyboard; sourceTree = "<group>"; };
		CCD852A1287F211200BCED50 /* RemoteControl.entitlements */ = {isa = PBXFileReference; lastKnownFileType = text.plist.entitlements; path = RemoteControl.entitlements; sourceTree = "<group>"; };
		CCECFFF7287FF6890094CDF3 /* screen.lua */ = {isa = PBXFileReference; fileEncoding = 4; lastKnownFileType = text; path = screen.lua; sourceTree = "<group>"; };
/* End PBXFileReference section */

/* Begin PBXFrameworksBuildPhase section */
		CCD85292287F211100BCED50 /* Frameworks */ = {
			isa = PBXFrameworksBuildPhase;
			buildActionMask = 2147483647;
			files = (
				CC86E000287F27E500D4521F /* Starscream in Frameworks */,
				CC66359928801144002E2C5B /* Vision.framework in Frameworks */,
				CCECFFF6287FF61C0094CDF3 /* Alamofire in Frameworks */,
			);
			runOnlyForDeploymentPostprocessing = 0;
		};
/* End PBXFrameworksBuildPhase section */

/* Begin PBXGroup section */
		CC66359728801143002E2C5B /* Frameworks */ = {
			isa = PBXGroup;
			children = (
				CC66359828801144002E2C5B /* Vision.framework */,
			);
			name = Frameworks;
			sourceTree = "<group>";
		};
		CCD8528C287F211100BCED50 = {
			isa = PBXGroup;
			children = (
				CCD85297287F211100BCED50 /* RemoteControl */,
				CCD85296287F211100BCED50 /* Products */,
				CC66359728801143002E2C5B /* Frameworks */,
			);
			sourceTree = "<group>";
		};
		CCD85296287F211100BCED50 /* Products */ = {
			isa = PBXGroup;
			children = (
				CCD85295287F211100BCED50 /* RemoteControl.app */,
			);
			name = Products;
			sourceTree = "<group>";
		};
		CCD85297287F211100BCED50 /* RemoteControl */ = {
			isa = PBXGroup;
			children = (
				CCECFFF7287FF6890094CDF3 /* screen.lua */,
				CCD85298287F211100BCED50 /* AppDelegate.swift */,
				CC86DFFC287F241700D4521F /* Window.swift */,
				CC66359A28803EB2002E2C5B /* View.swift */,
				CCD8529A287F211100BCED50 /* ViewController.swift */,
				CCD8529C287F211200BCED50 /* Assets.xcassets */,
				CCD8529E287F211200BCED50 /* Main.storyboard */,
				CCD852A1287F211200BCED50 /* RemoteControl.entitlements */,
			);
			path = RemoteControl;
			sourceTree = "<group>";
		};
/* End PBXGroup section */

/* Begin PBXNativeTarget section */
		CCD85294287F211100BCED50 /* RemoteControl */ = {
			isa = PBXNativeTarget;
			buildConfigurationList = CCD852A4287F211200BCED50 /* Build configuration list for PBXNativeTarget "RemoteControl" */;
			buildPhases = (
				CCD85291287F211100BCED50 /* Sources */,
				CCD85292287F211100BCED50 /* Frameworks */,
				CCD85293287F211100BCED50 /* Resources */,
			);
			buildRules = (
			);
			dependencies = (
			);
			name = RemoteControl;
			packageProductDependencies = (
				CC86DFFF287F27E500D4521F /* Starscream */,
				CCECFFF5287FF61C0094CDF3 /* Alamofire */,
			);
			productName = RemoteControl;
			productReference = CCD85295287F211100BCED50 /* RemoteControl.app */;
			productType = "com.apple.product-type.application";
		};
/* End PBXNativeTarget section */

/* Begin PBXProject section */
		CCD8528D287F211100BCED50 /* Project object */ = {
			isa = PBXProject;
			attributes = {
				BuildIndependentTargetsInParallel = 1;
				LastSwiftUpdateCheck = 1340;
				LastUpgradeCheck = 1340;
				TargetAttributes = {
					CCD85294287F211100BCED50 = {
						CreatedOnToolsVersion = 13.4;
					};
				};
			};
			buildConfigurationList = CCD85290287F211100BCED50 /* Build configuration list for PBXProject "RemoteControl" */;
			compatibilityVersion = "Xcode 13.0";
			developmentRegion = en;
			hasScannedForEncodings = 0;
			knownRegions = (
				en,
				Base,
			);
			mainGroup = CCD8528C287F211100BCED50;
			packageReferences = (
				CC86DFFE287F27E500D4521F /* XCRemoteSwiftPackageReference "Starscream" */,
				CCECFFF4287FF61C0094CDF3 /* XCRemoteSwiftPackageReference "Alamofire" */,
			);
			productRefGroup = CCD85296287F211100BCED50 /* Products */;
			projectDirPath = "";
			projectRoot = "";
			targets = (
				CCD85294287F211100BCED50 /* RemoteControl */,
			);
		};
/* End PBXProject section */

/* Begin PBXResourcesBuildPhase section */
		CCD85293287F211100BCED50 /* Resources */ = {
			isa = PBXResourcesBuildPhase;
			buildActionMask = 2147483647;
			files = (
				CCECFFF8287FF6890094CDF3 /* screen.lua in Resources */,
				CCD8529D287F211200BCED50 /* Assets.xcassets in Resources */,
				CCD852A0287F211200BCED50 /* Main.storyboard in Resources */,
			);
			runOnlyForDeploymentPostprocessing = 0;
		};
/* End PBXResourcesBuildPhase section */

/* Begin PBXSourcesBuildPhase section */
		CCD85291287F211100BCED50 /* Sources */ = {
			isa = PBXSourcesBuildPhase;
			buildActionMask = 2147483647;
			files = (
				CC66359B28803EB2002E2C5B /* View.swift in Sources */,
				CCD8529B287F211100BCED50 /* ViewController.swift in Sources */,
				CCD85299287F211100BCED50 /* AppDelegate.swift in Sources */,
				CC86DFFD287F241700D4521F /* Window.swift in Sources */,
			);
			runOnlyForDeploymentPostprocessing = 0;
		};
/* End PBXSourcesBuildPhase section */

/* Begin PBXVariantGroup section */
		CCD8529E287F211200BCED50 /* Main.storyboard */ = {
			isa = PBXVariantGroup;
			children = (
				CCD8529F287F211200BCED50 /* Base */,
			);
			name = Main.storyboard;
			sourceTree = "<group>";
		};
/* End PBXVariantGroup section */

/* Begin XCBuildConfiguration section */
		CCD852A2287F211200BCED50 /* Debug */ = {
			isa = XCBuildConfiguration;
			buildSettings = {
				ALWAYS_SEARCH_USER_PATHS = NO;
				CLANG_ANALYZER_NONNULL = YES;
				CLANG_ANALYZER_NUMBER_OBJECT_CONVERSION = YES_AGGRESSIVE;
				CLANG_CXX_LANGUAGE_STANDARD = "gnu++17";
				CLANG_ENABLE_MODULES = YES;
				CLANG_ENABLE_OBJC_ARC = YES;
				CLANG_ENABLE_OBJC_WEAK = YES;
				CLANG_WARN_BLOCK_CAPTURE_AUTORELEASING = YES;
				CLANG_WARN_BOOL_CONVERSION = YES;
				CLANG_WARN_COMMA = YES;
				CLANG_WARN_CONSTANT_CONVERSION = YES;
				CLANG_WARN_DEPRECATED_OBJC_IMPLEMENTATIONS = YES;
				CLANG_WARN_DIRECT_OBJC_ISA_USAGE = YES_ERROR;
				CLANG_WARN_DOCUMENTATION_COMMENTS = YES;
				CLANG_WARN_EMPTY_BODY = YES;
				CLANG_WARN_ENUM_CONVERSION = YES;
				CLANG_WARN_INFINITE_RECURSION = YES;
				CLANG_WARN_INT_CONVERSION = YES;
				CLANG_WARN_NON_LITERAL_NULL_CONVERSION = YES;
				CLANG_WARN_OBJC_IMPLICIT_RETAIN_SELF = YES;
				CLANG_WARN_OBJC_LITERAL_CONVERSION = YES;
				CLANG_WARN_OBJC_ROOT_CLASS = YES_ERROR;
				CLANG_WARN_QUOTED_INCLUDE_IN_FRAMEWORK_HEADER = YES;
				CLANG_WARN_RANGE_LOOP_ANALYSIS = YES;
				CLANG_WARN_STRICT_PROTOTYPES = YES;
				CLANG_WARN_SUSPICIOUS_MOVE = YES;
				CLANG_WARN_UNGUARDED_AVAILABILITY = YES_AGGRESSIVE;
				CLANG_WARN_UNREACHABLE_CODE = YES;
				CLANG_WARN__DUPLICATE_METHOD_MATCH = YES;
				COPY_PHASE_STRIP = NO;
				DEBUG_INFORMATION_FORMAT = dwarf;
				ENABLE_STRICT_OBJC_MSGSEND = YES;
				ENABLE_TESTABILITY = YES;
				GCC_C_LANGUAGE_STANDARD = gnu11;
				GCC_DYNAMIC_NO_PIC = NO;
				GCC_NO_COMMON_BLOCKS = YES;
				GCC_OPTIMIZATION_LEVEL = 0;
				GCC_PREPROCESSOR_DEFINITIONS = (
					"DEBUG=1",
					"$(inherited)",
				);
				GCC_WARN_64_TO_32_BIT_CONVERSION = YES;
				GCC_WARN_ABOUT_RETURN_TYPE = YES_ERROR;
				GCC_WARN_UNDECLARED_SELECTOR = YES;
				GCC_WARN_UNINITIALIZED_AUTOS = YES_AGGRESSIVE;
				GCC_WARN_UNUSED_FUNCTION = YES;
				GCC_WARN_UNUSED_VARIABLE = YES;
				MACOSX_DEPLOYMENT_TARGET = 12.3;
				MTL_ENABLE_DEBUG_INFO = INCLUDE_SOURCE;
				MTL_FAST_MATH = YES;
				ONLY_ACTIVE_ARCH = YES;
				SDKROOT = macosx;
				SWIFT_ACTIVE_COMPILATION_CONDITIONS = DEBUG;
				SWIFT_OPTIMIZATION_LEVEL = "-Onone";
			};
			name = Debug;
		};
		CCD852A3287F211200BCED50 /* Release */ = {
			isa = XCBuildConfiguration;
			buildSettings = {
				ALWAYS_SEARCH_USER_PATHS = NO;
				CLANG_ANALYZER_NONNULL = YES;
				CLANG_ANALYZER_NUMBER_OBJECT_CONVERSION = YES_AGGRESSIVE;
				CLANG_CXX_LANGUAGE_STANDARD = "gnu++17";
				CLANG_ENABLE_MODULES = YES;
				CLANG_ENABLE_OBJC_ARC = YES;
				CLANG_ENABLE_OBJC_WEAK = YES;
				CLANG_WARN_BLOCK_CAPTURE_AUTORELEASING = YES;
				CLANG_WARN_BOOL_CONVERSION = YES;
				CLANG_WARN_COMMA = YES;
				CLANG_WARN_CONSTANT_CONVERSION = YES;
				CLANG_WARN_DEPRECATED_OBJC_IMPLEMENTATIONS = YES;
				CLANG_WARN_DIRECT_OBJC_ISA_USAGE = YES_ERROR;
				CLANG_WARN_DOCUMENTATION_COMMENTS = YES;
				CLANG_WARN_EMPTY_BODY = YES;
				CLANG_WARN_ENUM_CONVERSION = YES;
				CLANG_WARN_INFINITE_RECURSION = YES;
				CLANG_WARN_INT_CONVERSION = YES;
				CLANG_WARN_NON_LITERAL_NULL_CONVERSION = YES;
				CLANG_WARN_OBJC_IMPLICIT_RETAIN_SELF = YES;
				CLANG_WARN_OBJC_LITERAL_CONVERSION = YES;
				CLANG_WARN_OBJC_ROOT_CLASS = YES_ERROR;
				CLANG_WARN_QUOTED_INCLUDE_IN_FRAMEWORK_HEADER = YES;
				CLANG_WARN_RANGE_LOOP_ANALYSIS = YES;
				CLANG_WARN_STRICT_PROTOTYPES = YES;
				CLANG_WARN_SUSPICIOUS_MOVE = YES;
				CLANG_WARN_UNGUARDED_AVAILABILITY = YES_AGGRESSIVE;
				CLANG_WARN_UNREACHABLE_CODE = YES;
				CLANG_WARN__DUPLICATE_METHOD_MATCH = YES;
				COPY_PHASE_STRIP = NO;
				DEBUG_INFORMATION_FORMAT = "dwarf-with-dsym";
				ENABLE_NS_ASSERTIONS = NO;
				ENABLE_STRICT_OBJC_MSGSEND = YES;
				GCC_C_LANGUAGE_STANDARD = gnu11;
				GCC_NO_COMMON_BLOCKS = YES;
				GCC_WARN_64_TO_32_BIT_CONVERSION = YES;
				GCC_WARN_ABOUT_RETURN_TYPE = YES_ERROR;
				GCC_WARN_UNDECLARED_SELECTOR = YES;
				GCC_WARN_UNINITIALIZED_AUTOS = YES_AGGRESSIVE;
				GCC_WARN_UNUSED_FUNCTION = YES;
				GCC_WARN_UNUSED_VARIABLE = YES;
				MACOSX_DEPLOYMENT_TARGET = 12.3;
				MTL_ENABLE_DEBUG_INFO = NO;
				MTL_FAST_MATH = YES;
				SDKROOT = macosx;
				SWIFT_COMPILATION_MODE = wholemodule;
				SWIFT_OPTIMIZATION_LEVEL = "-O";
			};
			name = Release;
		};
		CCD852A5287F211200BCED50 /* Debug */ = {
			isa = XCBuildConfiguration;
			buildSettings = {
				ASSETCATALOG_COMPILER_APPICON_NAME = AppIcon;
				ASSETCATALOG_COMPILER_GLOBAL_ACCENT_COLOR_NAME = AccentColor;
				CODE_SIGN_ENTITLEMENTS = RemoteControl/RemoteControl.entitlements;
				CODE_SIGN_STYLE = Automatic;
				COMBINE_HIDPI_IMAGES = YES;
				CURRENT_PROJECT_VERSION = 2;
				DEVELOPMENT_TEAM = GXZ23M5TP2;
				ENABLE_HARDENED_RUNTIME = YES;
				GENERATE_INFOPLIST_FILE = YES;
				INFOPLIST_KEY_LSApplicationCategoryType = "public.app-category.utilities";
				INFOPLIST_KEY_NSHumanReadableCopyright = "";
				INFOPLIST_KEY_NSMainStoryboardFile = Main;
				INFOPLIST_KEY_NSPrincipalClass = NSApplication;
				LD_RUNPATH_SEARCH_PATHS = (
					"$(inherited)",
					"@executable_path/../Frameworks",
				);
				MACOSX_DEPLOYMENT_TARGET = 11.0;
				MARKETING_VERSION = 1.0;
				PRODUCT_BUNDLE_IDENTIFIER = ch.xxtou.RemoteControl;
				PRODUCT_NAME = "$(TARGET_NAME)";
				SWIFT_EMIT_LOC_STRINGS = YES;
				SWIFT_VERSION = 5.0;
			};
			name = Debug;
		};
		CCD852A6287F211200BCED50 /* Release */ = {
			isa = XCBuildConfiguration;
			buildSettings = {
				ASSETCATALOG_COMPILER_APPICON_NAME = AppIcon;
				ASSETCATALOG_COMPILER_GLOBAL_ACCENT_COLOR_NAME = AccentColor;
				CODE_SIGN_ENTITLEMENTS = RemoteControl/RemoteControl.entitlements;
				CODE_SIGN_STYLE = Automatic;
				COMBINE_HIDPI_IMAGES = YES;
				CURRENT_PROJECT_VERSION = 2;
				DEVELOPMENT_TEAM = GXZ23M5TP2;
				ENABLE_HARDENED_RUNTIME = YES;
				GENERATE_INFOPLIST_FILE = YES;
				INFOPLIST_KEY_LSApplicationCategoryType = "public.app-category.utilities";
				INFOPLIST_KEY_NSHumanReadableCopyright = "";
				INFOPLIST_KEY_NSMainStoryboardFile = Main;
				INFOPLIST_KEY_NSPrincipalClass = NSApplication;
				LD_RUNPATH_SEARCH_PATHS = (
					"$(inherited)",
					"@executable_path/../Frameworks",
				);
				MACOSX_DEPLOYMENT_TARGET = 11.0;
				MARKETING_VERSION = 1.0;
				PRODUCT_BUNDLE_IDENTIFIER = ch.xxtou.RemoteControl;
				PRODUCT_NAME = "$(TARGET_NAME)";
				SWIFT_EMIT_LOC_STRINGS = YES;
				SWIFT_VERSION = 5.0;
			};
			name = Release;
		};
/* End XCBuildConfiguration section */

/* Begin XCConfigurationList section */
		CCD85290287F211100BCED50 /* Build configuration list for PBXProject "RemoteControl" */ = {
			isa = XCConfigurationList;
			buildConfigurations = (
				CCD852A2287F211200BCED50 /* Debug */,
				CCD852A3287F211200BCED50 /* Release */,
			);
			defaultConfigurationIsVisible = 0;
			defaultConfigurationName = Release;
		};
		CCD852A4287F211200BCED50 /* Build configuration list for PBXNativeTarget "RemoteControl" */ = {
			isa = XCConfigurationList;
			buildConfigurations = (
				CCD852A5287F211200BCED50 /* Debug */,
				CCD852A6287F211200BCED50 /* Release */,
			);
			defaultConfigurationIsVisible = 0;
			defaultConfigurationName = Release;
		};
/* End XCConfigurationList section */

/* Begin XCRemoteSwiftPackageReference section */
		CC86DFFE287F27E500D4521F /* XCRemoteSwiftPackageReference "Starscream" */ = {
			isa = XCRemoteSwiftPackageReference;
			repositoryURL = "https://github.com/daltoniam/Starscream.git";
			requirement = {
				kind = upToNextMajorVersion;
				minimumVersion = 4.0.0;
			};
		};
		CCECFFF4287FF61C0094CDF3 /* XCRemoteSwiftPackageReference "Alamofire" */ = {
			isa = XCRemoteSwiftPackageReference;
			repositoryURL = "https://github.com/Alamofire/Alamofire.git";
			requirement = {
				kind = upToNextMajorVersion;
				minimumVersion = 5.0.0;
			};
		};
/* End XCRemoteSwiftPackageReference section */

/* Begin XCSwiftPackageProductDependency section */
		CC86DFFF287F27E500D4521F /* Starscream */ = {
			isa = XCSwiftPackageProductDependency;
			package = CC86DFFE287F27E500D4521F /* XCRemoteSwiftPackageReference "Starscream" */;
			productName = Starscream;
		};
		CCECFFF5287FF61C0094CDF3 /* Alamofire */ = {
			isa = XCSwiftPackageProductDependency;
			package = CCECFFF4287FF61C0094CDF3 /* XCRemoteSwiftPackageReference "Alamofire" */;
			productName = Alamofire;
		};
/* End XCSwiftPackageProductDependency section */
	};
	rootObject = CCD8528D287F211100BCED50 /* Project object */;
}
